
Microsoft Visual Studio Solution File, Format Version 12.00
# Visual Studio Version 17
VisualStudioVersion = 17.0.31903.59
MinimumVisualStudioVersion = 10.0.40219.1
Project("{2150E333-8FDC-42A3-9474-1A3956D46DE8}") = "src", "src", "{FF7968C9-4D91-4FF1-8C19-294264DEDA4D}"
EndProject
Project("{FAE04EC0-301F-11D3-BF4B-00C04F79EFBC}") = "AuctionService", "src\AuctionService\AuctionService.csproj", "{5919C8A9-9FF7-463B-9ACF-873EC145073F}"
EndProject
Project("{FAE04EC0-301F-11D3-BF4B-00C04F79EFBC}") = "SearchService", "src\SearchService\SearchService.csproj", "{97C53394-EF28-4FF8-88E9-E22A8ADDC48C}"
EndProject
Project("{FAE04EC0-301F-11D3-BF4B-00C04F79EFBC}") = "Contracts", "src\Contracts\Contracts.csproj", "{C5CB6F73-9B3F-40AF-A207-EE776B507DE4}"
EndProject
Project("{FAE04EC0-301F-11D3-BF4B-00C04F79EFBC}") = "IdentityService", "src\IdentityService\IdentityService.csproj", "{7CFCDC13-BAA6-46DE-9351-38BC801531DC}"
EndProject
Project("{FAE04EC0-301F-11D3-BF4B-00C04F79EFBC}") = "GatewayService", "src\GatewayService\GatewayService.csproj", "{D01B1A69-817C-4C5C-A133-F4C4E7A8D16E}"
EndProject
Global
	GlobalSection(SolutionConfigurationPlatforms) = preSolution
		Debug|Any CPU = Debug|Any CPU
		Release|Any CPU = Release|Any CPU
	EndGlobalSection
	GlobalSection(SolutionProperties) = preSolution
		HideSolutionNode = FALSE
	EndGlobalSection
	GlobalSection(ProjectConfigurationPlatforms) = postSolution
		{5919C8A9-9FF7-463B-9ACF-873EC145073F}.Debug|Any CPU.ActiveCfg = Debug|Any CPU
		{5919C8A9-9FF7-463B-9ACF-873EC145073F}.Debug|Any CPU.Build.0 = Debug|Any CPU
		{5919C8A9-9FF7-463B-9ACF-873EC145073F}.Release|Any CPU.ActiveCfg = Release|Any CPU
		{5919C8A9-9FF7-463B-9ACF-873EC145073F}.Release|Any CPU.Build.0 = Release|Any CPU
		{97C53394-EF28-4FF8-88E9-E22A8ADDC48C}.Debug|Any CPU.ActiveCfg = Debug|Any CPU
		{97C53394-EF28-4FF8-88E9-E22A8ADDC48C}.Debug|Any CPU.Build.0 = Debug|Any CPU
		{97C53394-EF28-4FF8-88E9-E22A8ADDC48C}.Release|Any CPU.ActiveCfg = Release|Any CPU
		{97C53394-EF28-4FF8-88E9-E22A8ADDC48C}.Release|Any CPU.Build.0 = Release|Any CPU
		{C5CB6F73-9B3F-40AF-A207-EE776B507DE4}.Debug|Any CPU.ActiveCfg = Debug|Any CPU
		{C5CB6F73-9B3F-40AF-A207-EE776B507DE4}.Debug|Any CPU.Build.0 = Debug|Any CPU
		{C5CB6F73-9B3F-40AF-A207-EE776B507DE4}.Release|Any CPU.ActiveCfg = Release|Any CPU
		{C5CB6F73-9B3F-40AF-A207-EE776B507DE4}.Release|Any CPU.Build.0 = Release|Any CPU
		{7CFCDC13-BAA6-46DE-9351-38BC801531DC}.Debug|Any CPU.ActiveCfg = Debug|Any CPU
		{7CFCDC13-BAA6-46DE-9351-38BC801531DC}.Debug|Any CPU.Build.0 = Debug|Any CPU
		{7CFCDC13-BAA6-46DE-9351-38BC801531DC}.Release|Any CPU.ActiveCfg = Release|Any CPU
		{7CFCDC13-BAA6-46DE-9351-38BC801531DC}.Release|Any CPU.Build.0 = Release|Any CPU
		{D01B1A69-817C-4C5C-A133-F4C4E7A8D16E}.Debug|Any CPU.ActiveCfg = Debug|Any CPU
		{D01B1A69-817C-4C5C-A133-F4C4E7A8D16E}.Debug|Any CPU.Build.0 = Debug|Any CPU
		{D01B1A69-817C-4C5C-A133-F4C4E7A8D16E}.Release|Any CPU.ActiveCfg = Release|Any CPU
		{D01B1A69-817C-4C5C-A133-F4C4E7A8D16E}.Release|Any CPU.Build.0 = Release|Any CPU
	EndGlobalSection
	GlobalSection(NestedProjects) = preSolution
		{5919C8A9-9FF7-463B-9ACF-873EC145073F} = {FF7968C9-4D91-4FF1-8C19-294264DEDA4D}
		{97C53394-EF28-4FF8-88E9-E22A8ADDC48C} = {FF7968C9-4D91-4FF1-8C19-294264DEDA4D}
		{C5CB6F73-9B3F-40AF-A207-EE776B507DE4} = {FF7968C9-4D91-4FF1-8C19-294264DEDA4D}
		{7CFCDC13-BAA6-46DE-9351-38BC801531DC} = {FF7968C9-4D91-4FF1-8C19-294264DEDA4D}
		{D01B1A69-817C-4C5C-A133-F4C4E7A8D16E} = {FF7968C9-4D91-4FF1-8C19-294264DEDA4D}
	EndGlobalSection
EndGlobal
